
Microsoft Visual Studio Solution File, Format Version 12.00
# Visual Studio Express 2012 for Web
Project("{FAE04EC0-301F-11D3-BF4B-00C04F79EFBC}") = "Mazzimo", "Mazzimo\Mazzimo.csproj", "{BBA93D16-1DEF-4221-80EE-660B7DF98A57}"
EndProject
Project("{FAE04EC0-301F-11D3-BF4B-00C04F79EFBC}") = "Mazzimo.Tests", "Mazzimo.Tests\Mazzimo.Tests.csproj", "{8A7EE1A6-ABBC-4606-96F6-530ABEEB915D}"
EndProject
Project("{2150E333-8FDC-42A3-9474-1A3956D46DE8}") = ".nuget", ".nuget", "{D245E8B4-2898-4EF4-B752-B3BEFAE650D4}"
	ProjectSection(SolutionItems) = preProject
		.nuget\packages.config = .nuget\packages.config
	EndProjectSection
EndProject
Global
	GlobalSection(SolutionConfigurationPlatforms) = preSolution
		Debug|Any CPU = Debug|Any CPU
		Release|Any CPU = Release|Any CPU
	EndGlobalSection
	GlobalSection(ProjectConfigurationPlatforms) = postSolution
		{BBA93D16-1DEF-4221-80EE-660B7DF98A57}.Debug|Any CPU.ActiveCfg = Debug|Any CPU
		{BBA93D16-1DEF-4221-80EE-660B7DF98A57}.Debug|Any CPU.Build.0 = Debug|Any CPU
		{BBA93D16-1DEF-4221-80EE-660B7DF98A57}.Release|Any CPU.ActiveCfg = Release|Any CPU
		{BBA93D16-1DEF-4221-80EE-660B7DF98A57}.Release|Any CPU.Build.0 = Release|Any CPU
		{8A7EE1A6-ABBC-4606-96F6-530ABEEB915D}.Debug|Any CPU.ActiveCfg = Debug|Any CPU
		{8A7EE1A6-ABBC-4606-96F6-530ABEEB915D}.Debug|Any CPU.Build.0 = Debug|Any CPU
		{8A7EE1A6-ABBC-4606-96F6-530ABEEB915D}.Release|Any CPU.ActiveCfg = Release|Any CPU
		{8A7EE1A6-ABBC-4606-96F6-530ABEEB915D}.Release|Any CPU.Build.0 = Release|Any CPU
	EndGlobalSection
	GlobalSection(SolutionProperties) = preSolution
		HideSolutionNode = FALSE
	EndGlobalSection
EndGlobal
